// !$*UTF8*$!
{
	archiveVersion = 1;
	classes = {
	};
	objectVersion = 50;
	objects = {

/* Begin PBXBuildFile section */
		948CAEAE218AAAD9004E40C9 /* RxCoreMIDI.framework in Frameworks */ = {isa = PBXBuildFile; fileRef = 948CAEA4218AAAD9004E40C9 /* RxCoreMIDI.framework */; };
		948CAEB3218AAAD9004E40C9 /* RxCoreMIDITests.swift in Sources */ = {isa = PBXBuildFile; fileRef = 948CAEB2218AAAD9004E40C9 /* RxCoreMIDITests.swift */; };
		948CAEB5218AAAD9004E40C9 /* RxCoreMIDI.h in Headers */ = {isa = PBXBuildFile; fileRef = 948CAEA7218AAAD9004E40C9 /* RxCoreMIDI.h */; settings = {ATTRIBUTES = (Public, ); }; };
		948CAEC8218AAC56004E40C9 /* RxSwift.framework in Frameworks */ = {isa = PBXBuildFile; fileRef = 948CAEC7218AAC56004E40C9 /* RxSwift.framework */; };
/* End PBXBuildFile section */

/* Begin PBXContainerItemProxy section */
		948CAEAF218AAAD9004E40C9 /* PBXContainerItemProxy */ = {
			isa = PBXContainerItemProxy;
			containerPortal = 948CAE9B218AAAD9004E40C9 /* Project object */;
			proxyType = 1;
			remoteGlobalIDString = 948CAEA3218AAAD9004E40C9;
			remoteInfo = RxCoreMIDI;
		};
/* End PBXContainerItemProxy section */

/* Begin PBXFileReference section */
		948CAEA4218AAAD9004E40C9 /* RxCoreMIDI.framework */ = {isa = PBXFileReference; explicitFileType = wrapper.framework; includeInIndex = 0; path = RxCoreMIDI.framework; sourceTree = BUILT_PRODUCTS_DIR; };
		948CAEA7218AAAD9004E40C9 /* RxCoreMIDI.h */ = {isa = PBXFileReference; lastKnownFileType = sourcecode.c.h; path = RxCoreMIDI.h; sourceTree = "<group>"; };
		948CAEA8218AAAD9004E40C9 /* Info.plist */ = {isa = PBXFileReference; lastKnownFileType = text.plist.xml; path = Info.plist; sourceTree = "<group>"; };
		948CAEAD218AAAD9004E40C9 /* RxCoreMIDITests.xctest */ = {isa = PBXFileReference; explicitFileType = wrapper.cfbundle; includeInIndex = 0; path = RxCoreMIDITests.xctest; sourceTree = BUILT_PRODUCTS_DIR; };
		948CAEB2218AAAD9004E40C9 /* RxCoreMIDITests.swift */ = {isa = PBXFileReference; lastKnownFileType = sourcecode.swift; path = RxCoreMIDITests.swift; sourceTree = "<group>"; };
		948CAEB4218AAAD9004E40C9 /* Info.plist */ = {isa = PBXFileReference; lastKnownFileType = text.plist.xml; path = Info.plist; sourceTree = "<group>"; };
		948CAEBE218AAB56004E40C9 /* Cartfile.resolved */ = {isa = PBXFileReference; fileEncoding = 4; lastKnownFileType = text; path = Cartfile.resolved; sourceTree = "<group>"; };
		948CAEBF218AAB56004E40C9 /* Cartfile */ = {isa = PBXFileReference; fileEncoding = 4; lastKnownFileType = text; path = Cartfile; sourceTree = "<group>"; };
		948CAEC2218AAB6D004E40C9 /* README.md */ = {isa = PBXFileReference; lastKnownFileType = net.daringfireball.markdown; path = README.md; sourceTree = "<group>"; };
		948CAEC3218AAB6D004E40C9 /* LICENSE */ = {isa = PBXFileReference; lastKnownFileType = text; path = LICENSE; sourceTree = "<group>"; };
		948CAEC7218AAC56004E40C9 /* RxSwift.framework */ = {isa = PBXFileReference; lastKnownFileType = wrapper.framework; name = RxSwift.framework; path = ../../Carthage/Build/iOS/RxSwift.framework; sourceTree = "<group>"; };
/* End PBXFileReference section */

/* Begin PBXFrameworksBuildPhase section */
		948CAEA1218AAAD9004E40C9 /* Frameworks */ = {
			isa = PBXFrameworksBuildPhase;
			buildActionMask = 2147483647;
			files = (
				948CAEC8218AAC56004E40C9 /* RxSwift.framework in Frameworks */,
			);
			runOnlyForDeploymentPostprocessing = 0;
		};
		948CAEAA218AAAD9004E40C9 /* Frameworks */ = {
			isa = PBXFrameworksBuildPhase;
			buildActionMask = 2147483647;
			files = (
				948CAEAE218AAAD9004E40C9 /* RxCoreMIDI.framework in Frameworks */,
			);
			runOnlyForDeploymentPostprocessing = 0;
		};
/* End PBXFrameworksBuildPhase section */

/* Begin PBXGroup section */
		948CAE9A218AAAD9004E40C9 = {
			isa = PBXGroup;
			children = (
				948CAEC3218AAB6D004E40C9 /* LICENSE */,
				948CAEC2218AAB6D004E40C9 /* README.md */,
				948CAEBF218AAB56004E40C9 /* Cartfile */,
				948CAEBE218AAB56004E40C9 /* Cartfile.resolved */,
				948CAEA6218AAAD9004E40C9 /* RxCoreMIDI */,
				948CAEB1218AAAD9004E40C9 /* RxCoreMIDITests */,
				948CAEA5218AAAD9004E40C9 /* Products */,
				948CAEC6218AAC55004E40C9 /* Frameworks */,
			);
			sourceTree = "<group>";
		};
		948CAEA5218AAAD9004E40C9 /* Products */ = {
			isa = PBXGroup;
			children = (
				948CAEA4218AAAD9004E40C9 /* RxCoreMIDI.framework */,
				948CAEAD218AAAD9004E40C9 /* RxCoreMIDITests.xctest */,
			);
			name = Products;
			sourceTree = "<group>";
		};
		948CAEA6218AAAD9004E40C9 /* RxCoreMIDI */ = {
			isa = PBXGroup;
			children = (
				948CAEA7218AAAD9004E40C9 /* RxCoreMIDI.h */,
				948CAEA8218AAAD9004E40C9 /* Info.plist */,
			);
			path = RxCoreMIDI;
			sourceTree = "<group>";
		};
		948CAEB1218AAAD9004E40C9 /* RxCoreMIDITests */ = {
			isa = PBXGroup;
			children = (
				948CAEB2218AAAD9004E40C9 /* RxCoreMIDITests.swift */,
				948CAEB4218AAAD9004E40C9 /* Info.plist */,
			);
			path = RxCoreMIDITests;
			sourceTree = "<group>";
		};
		948CAEC6218AAC55004E40C9 /* Frameworks */ = {
			isa = PBXGroup;
			children = (
				948CAEC7218AAC56004E40C9 /* RxSwift.framework */,
			);
			name = Frameworks;
			sourceTree = "<group>";
		};
/* End PBXGroup section */

/* Begin PBXHeadersBuildPhase section */
		948CAE9F218AAAD9004E40C9 /* Headers */ = {
			isa = PBXHeadersBuildPhase;
			buildActionMask = 2147483647;
			files = (
				948CAEB5218AAAD9004E40C9 /* RxCoreMIDI.h in Headers */,
			);
			runOnlyForDeploymentPostprocessing = 0;
		};
/* End PBXHeadersBuildPhase section */

/* Begin PBXNativeTarget section */
		948CAEA3218AAAD9004E40C9 /* RxCoreMIDI */ = {
			isa = PBXNativeTarget;
			buildConfigurationList = 948CAEB8218AAAD9004E40C9 /* Build configuration list for PBXNativeTarget "RxCoreMIDI" */;
			buildPhases = (
				948CAE9F218AAAD9004E40C9 /* Headers */,
				948CAEA0218AAAD9004E40C9 /* Sources */,
				948CAEA1218AAAD9004E40C9 /* Frameworks */,
				948CAEA2218AAAD9004E40C9 /* Resources */,
				948CAEC4218AAB88004E40C9 /* Carthage */,
				948CAEC5218AAB91004E40C9 /* Delete Nested Framework(s) */,
			);
			buildRules = (
			);
			dependencies = (
			);
			name = RxCoreMIDI;
			productName = RxCoreMIDI;
			productReference = 948CAEA4218AAAD9004E40C9 /* RxCoreMIDI.framework */;
			productType = "com.apple.product-type.framework";
		};
		948CAEAC218AAAD9004E40C9 /* RxCoreMIDITests */ = {
			isa = PBXNativeTarget;
			buildConfigurationList = 948CAEBB218AAAD9004E40C9 /* Build configuration list for PBXNativeTarget "RxCoreMIDITests" */;
			buildPhases = (
				948CAEA9218AAAD9004E40C9 /* Sources */,
				948CAEAA218AAAD9004E40C9 /* Frameworks */,
				948CAEAB218AAAD9004E40C9 /* Resources */,
			);
			buildRules = (
			);
			dependencies = (
				948CAEB0218AAAD9004E40C9 /* PBXTargetDependency */,
			);
			name = RxCoreMIDITests;
			productName = RxCoreMIDITests;
			productReference = 948CAEAD218AAAD9004E40C9 /* RxCoreMIDITests.xctest */;
			productType = "com.apple.product-type.bundle.unit-test";
		};
/* End PBXNativeTarget section */

/* Begin PBXProject section */
		948CAE9B218AAAD9004E40C9 /* Project object */ = {
			isa = PBXProject;
			attributes = {
				LastSwiftUpdateCheck = 1010;
				LastUpgradeCheck = 1010;
				ORGANIZATIONNAME = "Maxim Volgin";
				TargetAttributes = {
					948CAEA3218AAAD9004E40C9 = {
						CreatedOnToolsVersion = 10.1;
					};
					948CAEAC218AAAD9004E40C9 = {
						CreatedOnToolsVersion = 10.1;
					};
				};
			};
			buildConfigurationList = 948CAE9E218AAAD9004E40C9 /* Build configuration list for PBXProject "RxCoreMIDI" */;
			compatibilityVersion = "Xcode 9.3";
			developmentRegion = en;
			hasScannedForEncodings = 0;
			knownRegions = (
				en,
			);
			mainGroup = 948CAE9A218AAAD9004E40C9;
			productRefGroup = 948CAEA5218AAAD9004E40C9 /* Products */;
			projectDirPath = "";
			projectRoot = "";
			targets = (
				948CAEA3218AAAD9004E40C9 /* RxCoreMIDI */,
				948CAEAC218AAAD9004E40C9 /* RxCoreMIDITests */,
			);
		};
/* End PBXProject section */

/* Begin PBXResourcesBuildPhase section */
		948CAEA2218AAAD9004E40C9 /* Resources */ = {
			isa = PBXResourcesBuildPhase;
			buildActionMask = 2147483647;
			files = (
			);
			runOnlyForDeploymentPostprocessing = 0;
		};
		948CAEAB218AAAD9004E40C9 /* Resources */ = {
			isa = PBXResourcesBuildPhase;
			buildActionMask = 2147483647;
			files = (
			);
			runOnlyForDeploymentPostprocessing = 0;
		};
/* End PBXResourcesBuildPhase section */

/* Begin PBXShellScriptBuildPhase section */
		948CAEC4218AAB88004E40C9 /* Carthage */ = {
			isa = PBXShellScriptBuildPhase;
			buildActionMask = 2147483647;
			files = (
			);
			inputFileListPaths = (
			);
			inputPaths = (
				"$(SRCROOT)/Carthage/Build/iOS/RxSwift.framework",
			);
			name = Carthage;
			outputFileListPaths = (
			);
			outputPaths = (
			);
			runOnlyForDeploymentPostprocessing = 0;
			shellPath = /bin/sh;
			shellScript = "/usr/local/bin/carthage copy-frameworks\n";
		};
		948CAEC5218AAB91004E40C9 /* Delete Nested Framework(s) */ = {
			isa = PBXShellScriptBuildPhase;
			buildActionMask = 2147483647;
			files = (
			);
			inputFileListPaths = (
			);
			inputPaths = (
			);
			name = "Delete Nested Framework(s)";
			outputFileListPaths = (
			);
			outputPaths = (
			);
			runOnlyForDeploymentPostprocessing = 0;
			shellPath = /bin/sh;
			shellScript = "cd \"${CONFIGURATION_BUILD_DIR}/${UNLOCALIZED_RESOURCES_FOLDER_PATH}/\"\nif [[ -d \"Frameworks\" ]]; then\nrm -fr Frameworks\nfi\n";
		};
/* End PBXShellScriptBuildPhase section */

/* Begin PBXSourcesBuildPhase section */
		948CAEA0218AAAD9004E40C9 /* Sources */ = {
			isa = PBXSourcesBuildPhase;
			buildActionMask = 2147483647;
			files = (
			);
			runOnlyForDeploymentPostprocessing = 0;
		};
		948CAEA9218AAAD9004E40C9 /* Sources */ = {
			isa = PBXSourcesBuildPhase;
			buildActionMask = 2147483647;
			files = (
				948CAEB3218AAAD9004E40C9 /* RxCoreMIDITests.swift in Sources */,
			);
			runOnlyForDeploymentPostprocessing = 0;
		};
/* End PBXSourcesBuildPhase section */

/* Begin PBXTargetDependency section */
		948CAEB0218AAAD9004E40C9 /* PBXTargetDependency */ = {
			isa = PBXTargetDependency;
			target = 948CAEA3218AAAD9004E40C9 /* RxCoreMIDI */;
			targetProxy = 948CAEAF218AAAD9004E40C9 /* PBXContainerItemProxy */;
		};
/* End PBXTargetDependency section */

/* Begin XCBuildConfiguration section */
		948CAEB6218AAAD9004E40C9 /* Debug */ = {
			isa = XCBuildConfiguration;
			buildSettings = {
				ALWAYS_SEARCH_USER_PATHS = NO;
				CLANG_ANALYZER_NONNULL = YES;
				CLANG_ANALYZER_NUMBER_OBJECT_CONVERSION = YES_AGGRESSIVE;
				CLANG_CXX_LANGUAGE_STANDARD = "gnu++14";
				CLANG_CXX_LIBRARY = "libc++";
				CLANG_ENABLE_MODULES = YES;
				CLANG_ENABLE_OBJC_ARC = YES;
				CLANG_ENABLE_OBJC_WEAK = YES;
				CLANG_WARN_BLOCK_CAPTURE_AUTORELEASING = YES;
				CLANG_WARN_BOOL_CONVERSION = YES;
				CLANG_WARN_COMMA = YES;
				CLANG_WARN_CONSTANT_CONVERSION = YES;
				CLANG_WARN_DEPRECATED_OBJC_IMPLEMENTATIONS = YES;
				CLANG_WARN_DIRECT_OBJC_ISA_USAGE = YES_ERROR;
				CLANG_WARN_DOCUMENTATION_COMMENTS = YES;
				CLANG_WARN_EMPTY_BODY = YES;
				CLANG_WARN_ENUM_CONVERSION = YES;
				CLANG_WARN_INFINITE_RECURSION = YES;
				CLANG_WARN_INT_CONVERSION = YES;
				CLANG_WARN_NON_LITERAL_NULL_CONVERSION = YES;
				CLANG_WARN_OBJC_IMPLICIT_RETAIN_SELF = YES;
				CLANG_WARN_OBJC_LITERAL_CONVERSION = YES;
				CLANG_WARN_OBJC_ROOT_CLASS = YES_ERROR;
				CLANG_WARN_RANGE_LOOP_ANALYSIS = YES;
				CLANG_WARN_STRICT_PROTOTYPES = YES;
				CLANG_WARN_SUSPICIOUS_MOVE = YES;
				CLANG_WARN_UNGUARDED_AVAILABILITY = YES_AGGRESSIVE;
				CLANG_WARN_UNREACHABLE_CODE = YES;
				CLANG_WARN__DUPLICATE_METHOD_MATCH = YES;
				CODE_SIGN_IDENTITY = "iPhone Developer";
				COPY_PHASE_STRIP = NO;
				CURRENT_PROJECT_VERSION = 1;
				DEBUG_INFORMATION_FORMAT = dwarf;
				ENABLE_STRICT_OBJC_MSGSEND = YES;
				ENABLE_TESTABILITY = YES;
				GCC_C_LANGUAGE_STANDARD = gnu11;
				GCC_DYNAMIC_NO_PIC = NO;
				GCC_NO_COMMON_BLOCKS = YES;
				GCC_OPTIMIZATION_LEVEL = 0;
				GCC_PREPROCESSOR_DEFINITIONS = (
					"DEBUG=1",
					"$(inherited)",
				);
				GCC_WARN_64_TO_32_BIT_CONVERSION = YES;
				GCC_WARN_ABOUT_RETURN_TYPE = YES_ERROR;
				GCC_WARN_UNDECLARED_SELECTOR = YES;
				GCC_WARN_UNINITIALIZED_AUTOS = YES_AGGRESSIVE;
				GCC_WARN_UNUSED_FUNCTION = YES;
				GCC_WARN_UNUSED_VARIABLE = YES;
				IPHONEOS_DEPLOYMENT_TARGET = 10.0;
				MTL_ENABLE_DEBUG_INFO = INCLUDE_SOURCE;
				MTL_FAST_MATH = YES;
				ONLY_ACTIVE_ARCH = YES;
				SDKROOT = iphoneos;
				SWIFT_ACTIVE_COMPILATION_CONDITIONS = DEBUG;
				SWIFT_OPTIMIZATION_LEVEL = "-Onone";
				VERSIONING_SYSTEM = "apple-generic";
				VERSION_INFO_PREFIX = "";
			};
			name = Debug;
		};
		948CAEB7218AAAD9004E40C9 /* Release */ = {
			isa = XCBuildConfiguration;
			buildSettings = {
				ALWAYS_SEARCH_USER_PATHS = NO;
				CLANG_ANALYZER_NONNULL = YES;
				CLANG_ANALYZER_NUMBER_OBJECT_CONVERSION = YES_AGGRESSIVE;
				CLANG_CXX_LANGUAGE_STANDARD = "gnu++14";
				CLANG_CXX_LIBRARY = "libc++";
				CLANG_ENABLE_MODULES = YES;
				CLANG_ENABLE_OBJC_ARC = YES;
				CLANG_ENABLE_OBJC_WEAK = YES;
				CLANG_WARN_BLOCK_CAPTURE_AUTORELEASING = YES;
				CLANG_WARN_BOOL_CONVERSION = YES;
				CLANG_WARN_COMMA = YES;
				CLANG_WARN_CONSTANT_CONVERSION = YES;
				CLANG_WARN_DEPRECATED_OBJC_IMPLEMENTATIONS = YES;
				CLANG_WARN_DIRECT_OBJC_ISA_USAGE = YES_ERROR;
				CLANG_WARN_DOCUMENTATION_COMMENTS = YES;
				CLANG_WARN_EMPTY_BODY = YES;
				CLANG_WARN_ENUM_CONVERSION = YES;
				CLANG_WARN_INFINITE_RECURSION = YES;
				CLANG_WARN_INT_CONVERSION = YES;
				CLANG_WARN_NON_LITERAL_NULL_CONVERSION = YES;
				CLANG_WARN_OBJC_IMPLICIT_RETAIN_SELF = YES;
				CLANG_WARN_OBJC_LITERAL_CONVERSION = YES;
				CLANG_WARN_OBJC_ROOT_CLASS = YES_ERROR;
				CLANG_WARN_RANGE_LOOP_ANALYSIS = YES;
				CLANG_WARN_STRICT_PROTOTYPES = YES;
				CLANG_WARN_SUSPICIOUS_MOVE = YES;
				CLANG_WARN_UNGUARDED_AVAILABILITY = YES_AGGRESSIVE;
				CLANG_WARN_UNREACHABLE_CODE = YES;
				CLANG_WARN__DUPLICATE_METHOD_MATCH = YES;
				CODE_SIGN_IDENTITY = "iPhone Developer";
				COPY_PHASE_STRIP = NO;
				CURRENT_PROJECT_VERSION = 1;
				DEBUG_INFORMATION_FORMAT = "dwarf-with-dsym";
				ENABLE_NS_ASSERTIONS = NO;
				ENABLE_STRICT_OBJC_MSGSEND = YES;
				GCC_C_LANGUAGE_STANDARD = gnu11;
				GCC_NO_COMMON_BLOCKS = YES;
				GCC_WARN_64_TO_32_BIT_CONVERSION = YES;
				GCC_WARN_ABOUT_RETURN_TYPE = YES_ERROR;
				GCC_WARN_UNDECLARED_SELECTOR = YES;
				GCC_WARN_UNINITIALIZED_AUTOS = YES_AGGRESSIVE;
				GCC_WARN_UNUSED_FUNCTION = YES;
				GCC_WARN_UNUSED_VARIABLE = YES;
				IPHONEOS_DEPLOYMENT_TARGET = 10.0;
				MTL_ENABLE_DEBUG_INFO = NO;
				MTL_FAST_MATH = YES;
				SDKROOT = iphoneos;
				SWIFT_COMPILATION_MODE = wholemodule;
				SWIFT_OPTIMIZATION_LEVEL = "-O";
				VALIDATE_PRODUCT = YES;
				VERSIONING_SYSTEM = "apple-generic";
				VERSION_INFO_PREFIX = "";
			};
			name = Release;
		};
		948CAEB9218AAAD9004E40C9 /* Debug */ = {
			isa = XCBuildConfiguration;
			buildSettings = {
				CODE_SIGN_IDENTITY = "";
				CODE_SIGN_STYLE = Automatic;
				DEFINES_MODULE = YES;
				DYLIB_COMPATIBILITY_VERSION = 1;
				DYLIB_CURRENT_VERSION = 1;
				DYLIB_INSTALL_NAME_BASE = "@rpath";
				FRAMEWORK_SEARCH_PATHS = (
					"$(PROJECT_DIR)/Carthage/Build/iOS",
					"$(inherited)",
				);
				INFOPLIST_FILE = RxCoreMIDI/Info.plist;
				INSTALL_PATH = "$(LOCAL_LIBRARY_DIR)/Frameworks";
				LD_RUNPATH_SEARCH_PATHS = (
					"$(inherited)",
					"@executable_path/Frameworks",
					"@loader_path/Frameworks",
				);
				PRODUCT_BUNDLE_IDENTIFIER = maxvol.RxCoreMIDI;
				PRODUCT_NAME = "$(TARGET_NAME:c99extidentifier)";
				SKIP_INSTALL = YES;
				SWIFT_VERSION = 4.2;
				TARGETED_DEVICE_FAMILY = "1,2";
			};
			name = Debug;
		};
		948CAEBA218AAAD9004E40C9 /* Release */ = {
			isa = XCBuildConfiguration;
			buildSettings = {
				CODE_SIGN_IDENTITY = "";
				CODE_SIGN_STYLE = Automatic;
				DEFINES_MODULE = YES;
				DYLIB_COMPATIBILITY_VERSION = 1;
				DYLIB_CURRENT_VERSION = 1;
				DYLIB_INSTALL_NAME_BASE = "@rpath";
				FRAMEWORK_SEARCH_PATHS = (
					"$(PROJECT_DIR)/Carthage/Build/iOS",
					"$(inherited)",
				);
				INFOPLIST_FILE = RxCoreMIDI/Info.plist;
				INSTALL_PATH = "$(LOCAL_LIBRARY_DIR)/Frameworks";
				LD_RUNPATH_SEARCH_PATHS = (
					"$(inherited)",
					"@executable_path/Frameworks",
					"@loader_path/Frameworks",
				);
				PRODUCT_BUNDLE_IDENTIFIER = maxvol.RxCoreMIDI;
				PRODUCT_NAME = "$(TARGET_NAME:c99extidentifier)";
				SKIP_INSTALL = YES;
				SWIFT_VERSION = 4.2;
				TARGETED_DEVICE_FAMILY = "1,2";
			};
			name = Release;
		};
		948CAEBC218AAAD9004E40C9 /* Debug */ = {
			isa = XCBuildConfiguration;
			buildSettings = {
				CODE_SIGN_STYLE = Automatic;
				INFOPLIST_FILE = RxCoreMIDITests/Info.plist;
				LD_RUNPATH_SEARCH_PATHS = (
					"$(inherited)",
					"@executable_path/Frameworks",
					"@loader_path/Frameworks",
				);
				PRODUCT_BUNDLE_IDENTIFIER = maxvol.RxCoreMIDITests;
				PRODUCT_NAME = "$(TARGET_NAME)";
				SWIFT_VERSION = 4.2;
				TARGETED_DEVICE_FAMILY = "1,2";
			};
			name = Debug;
		};
		948CAEBD218AAAD9004E40C9 /* Release */ = {
			isa = XCBuildConfiguration;
			buildSettings = {
				CODE_SIGN_STYLE = Automatic;
				INFOPLIST_FILE = RxCoreMIDITests/Info.plist;
				LD_RUNPATH_SEARCH_PATHS = (
					"$(inherited)",
					"@executable_path/Frameworks",
					"@loader_path/Frameworks",
				);
				PRODUCT_BUNDLE_IDENTIFIER = maxvol.RxCoreMIDITests;
				PRODUCT_NAME = "$(TARGET_NAME)";
				SWIFT_VERSION = 4.2;
				TARGETED_DEVICE_FAMILY = "1,2";
			};
			name = Release;
		};
/* End XCBuildConfiguration section */

/* Begin XCConfigurationList section */
		948CAE9E218AAAD9004E40C9 /* Build configuration list for PBXProject "RxCoreMIDI" */ = {
			isa = XCConfigurationList;
			buildConfigurations = (
				948CAEB6218AAAD9004E40C9 /* Debug */,
				948CAEB7218AAAD9004E40C9 /* Release */,
			);
			defaultConfigurationIsVisible = 0;
			defaultConfigurationName = Release;
		};
		948CAEB8218AAAD9004E40C9 /* Build configuration list for PBXNativeTarget "RxCoreMIDI" */ = {
			isa = XCConfigurationList;
			buildConfigurations = (
				948CAEB9218AAAD9004E40C9 /* Debug */,
				948CAEBA218AAAD9004E40C9 /* Release */,
			);
			defaultConfigurationIsVisible = 0;
			defaultConfigurationName = Release;
		};
		948CAEBB218AAAD9004E40C9 /* Build configuration list for PBXNativeTarget "RxCoreMIDITests" */ = {
			isa = XCConfigurationList;
			buildConfigurations = (
				948CAEBC218AAAD9004E40C9 /* Debug */,
				948CAEBD218AAAD9004E40C9 /* Release */,
			);
			defaultConfigurationIsVisible = 0;
			defaultConfigurationName = Release;
		};
/* End XCConfigurationList section */
	};
	rootObject = 948CAE9B218AAAD9004E40C9 /* Project object */;
}
